
Microsoft Visual Studio Solution File, Format Version 12.00
Project("{FAE04EC0-301F-11D3-BF4B-00C04F79EFBC}") = "NastGlass", "NastGlass\NastGlass.csproj", "{68CF1CB0-466A-4C87-B974-B9D7F6A9915E}"
EndProject
Global
	GlobalSection(SolutionConfigurationPlatforms) = preSolution
		Debug|Any CPU = Debug|Any CPU
		Release|Any CPU = Release|Any CPU
	EndGlobalSection
	GlobalSection(ProjectConfigurationPlatforms) = postSolution
		{68CF1CB0-466A-4C87-B974-B9D7F6A9915E}.Debug|Any CPU.ActiveCfg = Debug|Any CPU
		{68CF1CB0-466A-4C87-B974-B9D7F6A9915E}.Debug|Any CPU.Build.0 = Debug|Any CPU
		{68CF1CB0-466A-4C87-B974-B9D7F6A9915E}.Release|Any CPU.ActiveCfg = Release|Any CPU
		{68CF1CB0-466A-4C87-B974-B9D7F6A9915E}.Release|Any CPU.Build.0 = Release|Any CPU
	EndGlobalSection
EndGlobal
